github.com/ysmood/fetchup v0.2.4 h1:2kfWr/UrdiHg4KYRrxL2Jcrqx4DZYD+OtWu7WPBZl5o=
github.com/ysmood/fetchup v0.2.4/go.mod h1:hbysoq65PXL0NQeNzUczNYIKpwpkwFL4LXMDEvIQq9A=
github.com/ysmood/gop v0.2.0 h1:+tFrG0TWPxT6p9ZaZs+VY+opCvHU8/3Fk6BaNv6kqKg=
github.com/ysmood/gop v0.2.0/go.mod h1:rr5z2z27oGEbyB787hpEcx4ab8cCiPnKxn0SUHt6xzk=
github.com/ysmood/got v0.38.2 h1:h2RYvAe5nIK+oBRMLzNIrkZaX5kjmkOBqfRMIsFzLyU=
github.com/ysmood/got v0.38.2/go.mod h1:W7DdpuX6skL3NszLmAsC5hT7JAhuLZhByVzHTq874Qg=
