github.com/ysmood/fetchup v0.1.3 h1:tpdEXKZMJOz58t2i42aENoW/za6Isly7/aG1CmgeLZ4=
github.com/ysmood/fetchup v0.1.3/go.mod h1:b5DtW4kZ7L5UokuXfT4QKEZBCubUQXKcwbX2PMNFzRg=
github.com/ysmood/gop v0.0.1 h1:EGxcy28xzMfjT+TlLf8JQd1w/sTz0XPrbHazLLs84BA=
github.com/ysmood/gop v0.0.1/go.mod h1:JenWOSCGucsXYHdw1Cw4a0fmLnux7jXBDdlBGjh8V/g=
github.com/ysmood/got v0.32.0/go.mod h1:pE1l4LOwOBhQg6A/8IAatkGp7uZjnalzrZolnlhhMgY=
github.com/ysmood/got v0.33.0 h1:E0XJ5/mI2wdCCjXkqJ2d96GdOEYFwe2ou0FqHJf6zr4=
github.com/ysmood/got v0.33.0/go.mod h1:P3C/Wwttv4uq/tpovaH+c8ANmHePyFPxEbNzdxcEGDU=
