github.com/ysmood/fetchup v0.2.2 h1:Qn8/q5uDW7szclt4sVXCFJ1TXup3hogz94OaLf6kloo=
github.com/ysmood/fetchup v0.2.2/go.mod h1:xhibcRKziSvol0H1/pj33dnKrYyI2ebIvz5cOOkYGns=
github.com/ysmood/gop v0.0.2 h1:VuWweTmXK+zedLqYufJdh3PlxDNBOfFHjIZlPT2T5nw=
github.com/ysmood/gop v0.0.2/go.mod h1:rr5z2z27oGEbyB787hpEcx4ab8cCiPnKxn0SUHt6xzk=
github.com/ysmood/got v0.34.1 h1:IrV2uWLs45VXNvZqhJ6g2nIhY+pgIG1CUoOcqfXFl1s=
github.com/ysmood/got v0.34.1/go.mod h1:yddyjq/PmAf08RMLSwDjPyCvHvYed+WjHnQxpH851LM=
